
Microsoft Visual Studio Solution File, Format Version 12.00
# Visual Studio Version 17
VisualStudioVersion = 17.0.31903.59
MinimumVisualStudioVersion = 10.0.40219.1
Project("{2150E333-8FDC-42A3-9474-1A3956D46DE8}") = "src", "src", "{838FC4F3-0C63-42C5-BB45-D8135DF56728}"
EndProject
Project("{FAE04EC0-301F-11D3-BF4B-00C04F79EFBC}") = "RengaHeat.Core", "src\RengaHeat.Core\RengaHeat.Core.csproj", "{9D6D290E-5AF7-4595-8506-51D8BF603A31}"
EndProject
Project("{FAE04EC0-301F-11D3-BF4B-00C04F79EFBC}") = "RengaHeat.Cli", "src\RengaHeat.Cli\RengaHeat.Cli.csproj", "{2D6B82F8-B610-422F-AA04-E46BA0545D26}"
EndProject
Project("{2150E333-8FDC-42A3-9474-1A3956D46DE8}") = "tests", "tests", "{C110737D-AAF9-4796-815B-8D7010E54EC7}"
EndProject
Project("{FAE04EC0-301F-11D3-BF4B-00C04F79EFBC}") = "RengaHeat.Core.Tests", "tests\RengaHeat.Core.Tests\RengaHeat.Core.Tests.csproj", "{CC8FC3D1-F0B8-4E72-B088-2FE6A851A09B}"
EndProject
Global
	GlobalSection(SolutionConfigurationPlatforms) = preSolution
		Debug|Any CPU = Debug|Any CPU
		Release|Any CPU = Release|Any CPU
	EndGlobalSection
	GlobalSection(SolutionProperties) = preSolution
		HideSolutionNode = FALSE
	EndGlobalSection
	GlobalSection(ProjectConfigurationPlatforms) = postSolution
		{9D6D290E-5AF7-4595-8506-51D8BF603A31}.Debug|Any CPU.ActiveCfg = Debug|Any CPU
		{9D6D290E-5AF7-4595-8506-51D8BF603A31}.Debug|Any CPU.Build.0 = Debug|Any CPU
		{9D6D290E-5AF7-4595-8506-51D8BF603A31}.Release|Any CPU.ActiveCfg = Release|Any CPU
		{9D6D290E-5AF7-4595-8506-51D8BF603A31}.Release|Any CPU.Build.0 = Release|Any CPU
		{2D6B82F8-B610-422F-AA04-E46BA0545D26}.Debug|Any CPU.ActiveCfg = Debug|Any CPU
		{2D6B82F8-B610-422F-AA04-E46BA0545D26}.Debug|Any CPU.Build.0 = Debug|Any CPU
		{2D6B82F8-B610-422F-AA04-E46BA0545D26}.Release|Any CPU.ActiveCfg = Release|Any CPU
		{2D6B82F8-B610-422F-AA04-E46BA0545D26}.Release|Any CPU.Build.0 = Release|Any CPU
		{CC8FC3D1-F0B8-4E72-B088-2FE6A851A09B}.Debug|Any CPU.ActiveCfg = Debug|Any CPU
		{CC8FC3D1-F0B8-4E72-B088-2FE6A851A09B}.Debug|Any CPU.Build.0 = Debug|Any CPU
		{CC8FC3D1-F0B8-4E72-B088-2FE6A851A09B}.Release|Any CPU.ActiveCfg = Release|Any CPU
		{CC8FC3D1-F0B8-4E72-B088-2FE6A851A09B}.Release|Any CPU.Build.0 = Release|Any CPU
	EndGlobalSection
	GlobalSection(NestedProjects) = preSolution
		{9D6D290E-5AF7-4595-8506-51D8BF603A31} = {838FC4F3-0C63-42C5-BB45-D8135DF56728}
		{2D6B82F8-B610-422F-AA04-E46BA0545D26} = {838FC4F3-0C63-42C5-BB45-D8135DF56728}
		{CC8FC3D1-F0B8-4E72-B088-2FE6A851A09B} = {C110737D-AAF9-4796-815B-8D7010E54EC7}
	EndGlobalSection
EndGlobal
